
Microsoft Visual Studio Solution File, Format Version 12.00
# Visual Studio Version 16
VisualStudioVersion = 16.0.31005.135
MinimumVisualStudioVersion = 10.0.40219.1
Project("{8BC9CEB8-8B4A-11D0-8D11-00A0C91BC942}") = "OOP Lab5.1A", "OOP Lab5.1A.vcxproj", "{E9564E96-CE63-4660-8134-A59E50B21CF0}"
EndProject
Project("{8BC9CEB8-8B4A-11D0-8D11-00A0C91BC942}") = "UnitTest51A", "..\UnitTest51A\UnitTest51A.vcxproj", "{1B97CC0E-DA42-49B8-B51B-C2DE0A21362E}"
EndProject
Global
	GlobalSection(SolutionConfigurationPlatforms) = preSolution
		Debug|x64 = Debug|x64
		Debug|x86 = Debug|x86
		Release|x64 = Release|x64
		Release|x86 = Release|x86
	EndGlobalSection
	GlobalSection(ProjectConfigurationPlatforms) = postSolution
		{E9564E96-CE63-4660-8134-A59E50B21CF0}.Debug|x64.ActiveCfg = Debug|x64
		{E9564E96-CE63-4660-8134-A59E50B21CF0}.Debug|x64.Build.0 = Debug|x64
		{E9564E96-CE63-4660-8134-A59E50B21CF0}.Debug|x86.ActiveCfg = Debug|Win32
		{E9564E96-CE63-4660-8134-A59E50B21CF0}.Debug|x86.Build.0 = Debug|Win32
		{E9564E96-CE63-4660-8134-A59E50B21CF0}.Release|x64.ActiveCfg = Release|x64
		{E9564E96-CE63-4660-8134-A59E50B21CF0}.Release|x64.Build.0 = Release|x64
		{E9564E96-CE63-4660-8134-A59E50B21CF0}.Release|x86.ActiveCfg = Release|Win32
		{E9564E96-CE63-4660-8134-A59E50B21CF0}.Release|x86.Build.0 = Release|Win32
		{1B97CC0E-DA42-49B8-B51B-C2DE0A21362E}.Debug|x64.ActiveCfg = Debug|x64
		{1B97CC0E-DA42-49B8-B51B-C2DE0A21362E}.Debug|x64.Build.0 = Debug|x64
		{1B97CC0E-DA42-49B8-B51B-C2DE0A21362E}.Debug|x86.ActiveCfg = Debug|Win32
		{1B97CC0E-DA42-49B8-B51B-C2DE0A21362E}.Debug|x86.Build.0 = Debug|Win32
		{1B97CC0E-DA42-49B8-B51B-C2DE0A21362E}.Release|x64.ActiveCfg = Release|x64
		{1B97CC0E-DA42-49B8-B51B-C2DE0A21362E}.Release|x64.Build.0 = Release|x64
		{1B97CC0E-DA42-49B8-B51B-C2DE0A21362E}.Release|x86.ActiveCfg = Release|Win32
		{1B97CC0E-DA42-49B8-B51B-C2DE0A21362E}.Release|x86.Build.0 = Release|Win32
	EndGlobalSection
	GlobalSection(SolutionProperties) = preSolution
		HideSolutionNode = FALSE
	EndGlobalSection
	GlobalSection(ExtensibilityGlobals) = postSolution
		SolutionGuid = {9B95588E-C412-4AC9-AB0E-951CC7477079}
	EndGlobalSection
EndGlobal
